{
  "nodes": {
    "nixpkgs": {
      "locked": {
        "lastModified": 1745526057,
        "narHash": "sha256-ITSpPDwvLBZBnPRS2bUcHY3gZSwis/uTe255QgMtTLA=",
        "rev": "f771eb401a46846c1aebd20552521b233dd7e18b",
        "revCount": 789333,
        "type": "tarball",
        "url": "https://api.flakehub.com/f/pinned/NixOS/nixpkgs/0.1.789333%2Brev-f771eb401a46846c1aebd20552521b233dd7e18b/0196700d-bbc8-7163-b0e7-e264f34c251e/source.tar.gz"
      },
      "original": {
        "type": "tarball",
        "url": "https://flakehub.com/f/NixOS/nixpkgs/0.1.%2A.tar.gz"
      }
    },
    "root": {
      "inputs": {
        "nixpkgs": "nixpkgs",
        "rust-overlay": "rust-overlay"
      }
    },
    "rust-overlay": {
      "inputs": {
        "nixpkgs": [
          "nixpkgs"
        ]
      },
      "locked": {
        "lastModified": 1745807802,
        "narHash": "sha256-Aary9kzSx9QFgfK1CDu3ZqxhuoyHvf0F71j64gXZebA=",
        "owner": "oxalica",
        "repo": "rust-overlay",
        "rev": "9a6045615437787dfb9c1a3242fd75c6b6976b6b",
        "type": "github"
      },
      "original": {
        "owner": "oxalica",
        "repo": "rust-overlay",
        "type": "github"
      }
    }
  },
  "root": "root",
  "version": 7
}
